
Microsoft Visual Studio Solution File, Format Version 12.00
# Visual Studio Version 16
VisualStudioVersion = 16.0.34601.136
MinimumVisualStudioVersion = 10.0.40219.1
Project("{8BC9CEB8-8B4A-11D0-8D11-00A0C91BC942}") = "cshoufa2", "cshoufa2\cshoufa2.vcxproj", "{EF9A07D2-A8A9-40E9-A367-4D1D5E01C212}"
EndProject
Global
	GlobalSection(SolutionConfigurationPlatforms) = preSolution
		Debug|x64 = Debug|x64
		Debug|x86 = Debug|x86
		Release|x64 = Release|x64
		Release|x86 = Release|x86
	EndGlobalSection
	GlobalSection(ProjectConfigurationPlatforms) = postSolution
		{EF9A07D2-A8A9-40E9-A367-4D1D5E01C212}.Debug|x64.ActiveCfg = Debug|x64
		{EF9A07D2-A8A9-40E9-A367-4D1D5E01C212}.Debug|x64.Build.0 = Debug|x64
		{EF9A07D2-A8A9-40E9-A367-4D1D5E01C212}.Debug|x86.ActiveCfg = Debug|Win32
		{EF9A07D2-A8A9-40E9-A367-4D1D5E01C212}.Debug|x86.Build.0 = Debug|Win32
		{EF9A07D2-A8A9-40E9-A367-4D1D5E01C212}.Release|x64.ActiveCfg = Release|x64
		{EF9A07D2-A8A9-40E9-A367-4D1D5E01C212}.Release|x64.Build.0 = Release|x64
		{EF9A07D2-A8A9-40E9-A367-4D1D5E01C212}.Release|x86.ActiveCfg = Release|Win32
		{EF9A07D2-A8A9-40E9-A367-4D1D5E01C212}.Release|x86.Build.0 = Release|Win32
	EndGlobalSection
	GlobalSection(SolutionProperties) = preSolution
		HideSolutionNode = FALSE
	EndGlobalSection
	GlobalSection(ExtensibilityGlobals) = postSolution
		SolutionGuid = {C3FE7899-D55E-4686-BE5F-69867D4171F7}
	EndGlobalSection
EndGlobal
